hash: 5227b1096af9275e41dfe487029782408233130057405304f8b42ea238509244
updated: 2015-12-21T22:26:04.376389476-08:00
imports:
- name: github.com/armon/consul-api
  version: dcfedd50ed5334f96adee43fc88518a4f095e15c
  repo: https://github.com/armon/consul-api
- name: github.com/BurntSushi/toml
  version: 056c9bc7be7190eaa7715723883caffa5f8fa3e4
  repo: https://github.com/BurntSushi/toml
- name: github.com/coreos/go-etcd
  version: 003851be7bb0694fe3cc457a49529a19388ee7cf
  repo: https://github.com/coreos/go-etcd
- name: github.com/cpuguy83/go-md2man
  version: 71acacd42f85e5e82f70a55327789582a5200a90
- name: github.com/golang/protobuf
  version: 68415e7123da32b07eab49c96d2c4d6158360e9b
  repo: https://github.com/golang/protobuf
- name: github.com/gopherjs/gopherjs
  version: 9c2a12c05506785397435817636a6e30c3e6427f
  subpackages:
  - /js
- name: github.com/hashicorp/hcl
  version: 197e8d3cf42199cfd53cd775deb37f3637234635
  repo: https://github.com/hashicorp/hcl
- name: github.com/kardianos/osext
  version: 431e263e413efe4446ede50cec4819b26659fbe7
- name: github.com/kr/pretty
  version: e6ac2fc51e89a3249e82157fa0bb7a18ef9dd5bb
  repo: https://github.com/kr/pretty
- name: github.com/kr/pty
  version: f7ee69f31298ecbe5d2b349c711e2547a617d398
  repo: https://github.com/kr/pty
- name: github.com/kr/text
  version: bb797dc4fb8320488f47bf11de07a733d7233e1f
  repo: https://github.com/kr/text
- name: github.com/magiconair/properties
  version: c81f9d71af8f8cba1466501d30326b99a4e56c19
  repo: https://github.com/magiconair/properties
- name: github.com/mitchellh/mapstructure
  version: 281073eb9eb092240d33ef253c404f1cca550309
  repo: https://github.com/mitchellh/mapstructure
- name: github.com/neelance/sourcemap
  version: 8c68805598ab8d5637b1a72b5f7d381ea0f39c31
- name: github.com/russross/blackfriday
  version: d18b67ae0afd61dae240896eae1785f00709aa31
- name: github.com/shurcooL/sanitized_anchor_name
  version: 10ef21a441db47d8b13ebcc5fd2310f636973c77
- name: github.com/spf13/cast
  version: ee7b3e0353166ab1f3a605294ac8cd2b77953778
  repo: https://github.com/spf13/cast
- name: github.com/spf13/cobra
  version: c65e6422ff177777e8949362bbf6bb76fc217c3a
- name: github.com/spf13/jwalterweatherman
  version: c2aa07df593850a04644d77bb757d002e517a296
  repo: https://github.com/spf13/jwalterweatherman
- name: github.com/spf13/pflag
  version: 7f60f83a2c81bc3c3c0d5297f61ddfa68da9d3b7
- name: github.com/spf13/viper
  version: 79971f1ae71e74d2e814b9b4bb91fb59b0263654
  repo: https://github.com/spf13/viper
- name: github.com/ugorji/go
  version: 646ae4a518c1c3be0739df898118d9bccf993858
  repo: https://github.com/ugorji/go
- name: github.com/xordataexchange/crypt
  version: 749e360c8f236773f28fc6d3ddfce4a470795227
  repo: https://github.com/xordataexchange/crypt
- name: golang.org/x/crypto
  version: f18420efc3b4f8e9f3d51f6bd2476e92c46260e9
- name: golang.org/x/net
  version: 6c89489cafabcbc76df9dbf84ebf07204673fecf
  repo: https://golang.org/x/net
- name: golang.org/x/text
  version: cf4986612c83df6c55578ba198316d1684a9a287
  repo: https://golang.org/x/text
- name: golang.org/x/tools
  version: 9673333889cecd0170042cef4585f782e59c45da
- name: google.golang.org/appengine
  version: 58c0e2a2044a8d1abd8dd1d97939cd74497d0806
  repo: https://google.golang.org/appengine
- name: gopherjs
  version: ""
- name: gopkg.in/fsnotify.v1
  version: 508915b7500b6e42a87132e4afeb4729cebc7cbb
- name: gopkg.in/yaml.v2
  version: f7716cbe52baa25d2e9b0d0da546fcf909fc16b4
devImports: []
